
Microsoft Visual Studio Solution File, Format Version 12.00
# Visual Studio Version 16
VisualStudioVersion = 16.0.31605.320
MinimumVisualStudioVersion = 10.0.40219.1
Project("{FAE04EC0-301F-11D3-BF4B-00C04F79EFBC}") = "CKK.Logic", "CKK.Logic\CKK.Logic.csproj", "{3C24F256-224B-4FC3-9426-A59C51B608FC}"
EndProject
Global
	GlobalSection(SolutionConfigurationPlatforms) = preSolution
		Debug|Any CPU = Debug|Any CPU
		Release|Any CPU = Release|Any CPU
	EndGlobalSection
	GlobalSection(ProjectConfigurationPlatforms) = postSolution
		{3C24F256-224B-4FC3-9426-A59C51B608FC}.Debug|Any CPU.ActiveCfg = Debug|Any CPU
		{3C24F256-224B-4FC3-9426-A59C51B608FC}.Debug|Any CPU.Build.0 = Debug|Any CPU
		{3C24F256-224B-4FC3-9426-A59C51B608FC}.Release|Any CPU.ActiveCfg = Release|Any CPU
		{3C24F256-224B-4FC3-9426-A59C51B608FC}.Release|Any CPU.Build.0 = Release|Any CPU
	EndGlobalSection
	GlobalSection(SolutionProperties) = preSolution
		HideSolutionNode = FALSE
	EndGlobalSection
	GlobalSection(ExtensibilityGlobals) = postSolution
		SolutionGuid = {1AA8A028-D67E-4D90-9DFB-B5E4D2D24DA1}
	EndGlobalSection
EndGlobal
